// !$*UTF8*$!
{
	archiveVersion = 1;
	classes = {
	};
	objectVersion = 46;
	objects = {

/* Begin PBXBuildFile section */
		2BB899891E42F26300D4C6E9 /* AppDelegate.swift in Sources */ = {isa = PBXBuildFile; fileRef = 2BB899881E42F26300D4C6E9 /* AppDelegate.swift */; };
		2BB8998B1E42F26300D4C6E9 /* FeauturedAppsView.swift in Sources */ = {isa = PBXBuildFile; fileRef = 2BB8998A1E42F26300D4C6E9 /* FeauturedAppsView.swift */; };
		2BB899901E42F26300D4C6E9 /* Assets.xcassets in Resources */ = {isa = PBXBuildFile; fileRef = 2BB8998F1E42F26300D4C6E9 /* Assets.xcassets */; };
		2BB899931E42F26300D4C6E9 /* LaunchScreen.storyboard in Resources */ = {isa = PBXBuildFile; fileRef = 2BB899911E42F26300D4C6E9 /* LaunchScreen.storyboard */; };
		2BDD07131E430EDF002B751C /* CategoryCell.swift in Sources */ = {isa = PBXBuildFile; fileRef = 2BDD07121E430EDF002B751C /* CategoryCell.swift */; };
		2BDD07191E43CA2E002B751C /* AppCell.swift in Sources */ = {isa = PBXBuildFile; fileRef = 2BDD07181E43CA2E002B751C /* AppCell.swift */; };
		2BDD071B1E43CA74002B751C /* Models.swift in Sources */ = {isa = PBXBuildFile; fileRef = 2BDD071A1E43CA74002B751C /* Models.swift */; };
		2BDD071D1E43CDA6002B751C /* FeaturedAppsController.swift in Sources */ = {isa = PBXBuildFile; fileRef = 2BDD071C1E43CDA6002B751C /* FeaturedAppsController.swift */; };
/* End PBXBuildFile section */

/* Begin PBXFileReference section */
		2BB899851E42F26300D4C6E9 /* appStore.app */ = {isa = PBXFileReference; explicitFileType = wrapper.application; includeInIndex = 0; path = appStore.app; sourceTree = BUILT_PRODUCTS_DIR; };
		2BB899881E42F26300D4C6E9 /* AppDelegate.swift */ = {isa = PBXFileReference; lastKnownFileType = sourcecode.swift; path = AppDelegate.swift; sourceTree = "<group>"; };
		2BB8998A1E42F26300D4C6E9 /* FeauturedAppsView.swift */ = {isa = PBXFileReference; lastKnownFileType = sourcecode.swift; path = FeauturedAppsView.swift; sourceTree = "<group>"; };
		2BB8998F1E42F26300D4C6E9 /* Assets.xcassets */ = {isa = PBXFileReference; lastKnownFileType = folder.assetcatalog; path = Assets.xcassets; sourceTree = "<group>"; };
		2BB899921E42F26300D4C6E9 /* Base */ = {isa = PBXFileReference; lastKnownFileType = file.storyboard; name = Base; path = Base.lproj/LaunchScreen.storyboard; sourceTree = "<group>"; };
		2BB899941E42F26400D4C6E9 /* Info.plist */ = {isa = PBXFileReference; lastKnownFileType = text.plist.xml; path = Info.plist; sourceTree = "<group>"; };
		2BDD07121E430EDF002B751C /* CategoryCell.swift */ = {isa = PBXFileReference; fileEncoding = 4; lastKnownFileType = sourcecode.swift; path = CategoryCell.swift; sourceTree = "<group>"; };
		2BDD07181E43CA2E002B751C /* AppCell.swift */ = {isa = PBXFileReference; fileEncoding = 4; lastKnownFileType = sourcecode.swift; path = AppCell.swift; sourceTree = "<group>"; };
		2BDD071A1E43CA74002B751C /* Models.swift */ = {isa = PBXFileReference; fileEncoding = 4; lastKnownFileType = sourcecode.swift; path = Models.swift; sourceTree = "<group>"; };
		2BDD071C1E43CDA6002B751C /* FeaturedAppsController.swift */ = {isa = PBXFileReference; fileEncoding = 4; lastKnownFileType = sourcecode.swift; path = FeaturedAppsController.swift; sourceTree = "<group>"; };
/* End PBXFileReference section */

/* Begin PBXFrameworksBuildPhase section */
		2BB899821E42F26300D4C6E9 /* Frameworks */ = {
			isa = PBXFrameworksBuildPhase;
			buildActionMask = 2147483647;
			files = (
			);
			runOnlyForDeploymentPostprocessing = 0;
		};
/* End PBXFrameworksBuildPhase section */

/* Begin PBXGroup section */
		2BB8997C1E42F26100D4C6E9 = {
			isa = PBXGroup;
			children = (
				2BB899871E42F26300D4C6E9 /* appStore */,
				2BB899861E42F26300D4C6E9 /* Products */,
			);
			sourceTree = "<group>";
		};
		2BB899861E42F26300D4C6E9 /* Products */ = {
			isa = PBXGroup;
			children = (
				2BB899851E42F26300D4C6E9 /* appStore.app */,
			);
			name = Products;
			sourceTree = "<group>";
		};
		2BB899871E42F26300D4C6E9 /* appStore */ = {
			isa = PBXGroup;
			children = (
				2BB899881E42F26300D4C6E9 /* AppDelegate.swift */,
				2BDD07171E43C9FD002B751C /* Model */,
				2BDD07141E43C9DC002B751C /* Views */,
				2BDD07161E43C9F8002B751C /* Controller */,
				2BDD07111E430BDB002B751C /* Supporting Files */,
			);
			path = appStore;
			sourceTree = "<group>";
		};
		2BDD07111E430BDB002B751C /* Supporting Files */ = {
			isa = PBXGroup;
			children = (
				2BB8998F1E42F26300D4C6E9 /* Assets.xcassets */,
				2BB899911E42F26300D4C6E9 /* LaunchScreen.storyboard */,
				2BB899941E42F26400D4C6E9 /* Info.plist */,
			);
			name = "Supporting Files";
			sourceTree = "<group>";
		};
		2BDD07141E43C9DC002B751C /* Views */ = {
			isa = PBXGroup;
			children = (
				2BB8998A1E42F26300D4C6E9 /* FeauturedAppsView.swift */,
				2BDD07121E430EDF002B751C /* CategoryCell.swift */,
				2BDD07181E43CA2E002B751C /* AppCell.swift */,
			);
			name = Views;
			sourceTree = "<group>";
		};
		2BDD07161E43C9F8002B751C /* Controller */ = {
			isa = PBXGroup;
			children = (
				2BDD071C1E43CDA6002B751C /* FeaturedAppsController.swift */,
			);
			name = Controller;
			sourceTree = "<group>";
		};
		2BDD07171E43C9FD002B751C /* Model */ = {
			isa = PBXGroup;
			children = (
				2BDD071A1E43CA74002B751C /* Models.swift */,
			);
			name = Model;
			sourceTree = "<group>";
		};
/* End PBXGroup section */

/* Begin PBXNativeTarget section */
		2BB899841E42F26300D4C6E9 /* appStore */ = {
			isa = PBXNativeTarget;
			buildConfigurationList = 2BB899971E42F26400D4C6E9 /* Build configuration list for PBXNativeTarget "appStore" */;
			buildPhases = (
				2BB899811E42F26300D4C6E9 /* Sources */,
				2BB899821E42F26300D4C6E9 /* Frameworks */,
				2BB899831E42F26300D4C6E9 /* Resources */,
			);
			buildRules = (
			);
			dependencies = (
			);
			name = appStore;
			productName = appStore;
			productReference = 2BB899851E42F26300D4C6E9 /* appStore.app */;
			productType = "com.apple.product-type.application";
		};
/* End PBXNativeTarget section */

/* Begin PBXProject section */
		2BB8997D1E42F26100D4C6E9 /* Project object */ = {
			isa = PBXProject;
			attributes = {
				LastSwiftUpdateCheck = 0820;
				LastUpgradeCheck = 0820;
				ORGANIZATIONNAME = Edward;
				TargetAttributes = {
					2BB899841E42F26300D4C6E9 = {
						CreatedOnToolsVersion = 8.2.1;
						DevelopmentTeam = FMF4ZAXMJF;
						ProvisioningStyle = Automatic;
					};
				};
			};
			buildConfigurationList = 2BB899801E42F26100D4C6E9 /* Build configuration list for PBXProject "appStore" */;
			compatibilityVersion = "Xcode 3.2";
			developmentRegion = English;
			hasScannedForEncodings = 0;
			knownRegions = (
				en,
				Base,
			);
			mainGroup = 2BB8997C1E42F26100D4C6E9;
			productRefGroup = 2BB899861E42F26300D4C6E9 /* Products */;
			projectDirPath = "";
			projectRoot = "";
			targets = (
				2BB899841E42F26300D4C6E9 /* appStore */,
			);
		};
/* End PBXProject section */

/* Begin PBXResourcesBuildPhase section */
		2BB899831E42F26300D4C6E9 /* Resources */ = {
			isa = PBXResourcesBuildPhase;
			buildActionMask = 2147483647;
			files = (
				2BB899931E42F26300D4C6E9 /* LaunchScreen.storyboard in Resources */,
				2BB899901E42F26300D4C6E9 /* Assets.xcassets in Resources */,
			);
			runOnlyForDeploymentPostprocessing = 0;
		};
/* End PBXResourcesBuildPhase section */

/* Begin PBXSourcesBuildPhase section */
		2BB899811E42F26300D4C6E9 /* Sources */ = {
			isa = PBXSourcesBuildPhase;
			buildActionMask = 2147483647;
			files = (
				2BB8998B1E42F26300D4C6E9 /* FeauturedAppsView.swift in Sources */,
				2BDD071B1E43CA74002B751C /* Models.swift in Sources */,
				2BDD07191E43CA2E002B751C /* AppCell.swift in Sources */,
				2BDD071D1E43CDA6002B751C /* FeaturedAppsController.swift in Sources */,
				2BB899891E42F26300D4C6E9 /* AppDelegate.swift in Sources */,
				2BDD07131E430EDF002B751C /* CategoryCell.swift in Sources */,
			);
			runOnlyForDeploymentPostprocessing = 0;
		};
/* End PBXSourcesBuildPhase section */

/* Begin PBXVariantGroup section */
		2BB899911E42F26300D4C6E9 /* LaunchScreen.storyboard */ = {
			isa = PBXVariantGroup;
			children = (
				2BB899921E42F26300D4C6E9 /* Base */,
			);
			name = LaunchScreen.storyboard;
			sourceTree = "<group>";
		};
/* End PBXVariantGroup section */

/* Begin XCBuildConfiguration section */
		2BB899951E42F26400D4C6E9 /* Debug */ = {
			isa = XCBuildConfiguration;
			buildSettings = {
				ALWAYS_SEARCH_USER_PATHS = NO;
				CLANG_ANALYZER_NONNULL = YES;
				CLANG_CXX_LANGUAGE_STANDARD = "gnu++0x";
				CLANG_CXX_LIBRARY = "libc++";
				CLANG_ENABLE_MODULES = YES;
				CLANG_ENABLE_OBJC_ARC = YES;
				CLANG_WARN_BOOL_CONVERSION = YES;
				CLANG_WARN_CONSTANT_CONVERSION = YES;
				CLANG_WARN_DIRECT_OBJC_ISA_USAGE = YES_ERROR;
				CLANG_WARN_DOCUMENTATION_COMMENTS = YES;
				CLANG_WARN_EMPTY_BODY = YES;
				CLANG_WARN_ENUM_CONVERSION = YES;
				CLANG_WARN_INFINITE_RECURSION = YES;
				CLANG_WARN_INT_CONVERSION = YES;
				CLANG_WARN_OBJC_ROOT_CLASS = YES_ERROR;
				CLANG_WARN_SUSPICIOUS_MOVE = YES;
				CLANG_WARN_UNREACHABLE_CODE = YES;
				CLANG_WARN__DUPLICATE_METHOD_MATCH = YES;
				"CODE_SIGN_IDENTITY[sdk=iphoneos*]" = "iPhone Developer";
				COPY_PHASE_STRIP = NO;
				DEBUG_INFORMATION_FORMAT = dwarf;
				ENABLE_STRICT_OBJC_MSGSEND = YES;
				ENABLE_TESTABILITY = YES;
				GCC_C_LANGUAGE_STANDARD = gnu99;
				GCC_DYNAMIC_NO_PIC = NO;
				GCC_NO_COMMON_BLOCKS = YES;
				GCC_OPTIMIZATION_LEVEL = 0;
				GCC_PREPROCESSOR_DEFINITIONS = (
					"DEBUG=1",
					"$(inherited)",
				);
				GCC_WARN_64_TO_32_BIT_CONVERSION = YES;
				GCC_WARN_ABOUT_RETURN_TYPE = YES_ERROR;
				GCC_WARN_UNDECLARED_SELECTOR = YES;
				GCC_WARN_UNINITIALIZED_AUTOS = YES_AGGRESSIVE;
				GCC_WARN_UNUSED_FUNCTION = YES;
				GCC_WARN_UNUSED_VARIABLE = YES;
				IPHONEOS_DEPLOYMENT_TARGET = 10.2;
				MTL_ENABLE_DEBUG_INFO = YES;
				ONLY_ACTIVE_ARCH = YES;
				SDKROOT = iphoneos;
				SWIFT_ACTIVE_COMPILATION_CONDITIONS = DEBUG;
				SWIFT_OPTIMIZATION_LEVEL = "-Onone";
				TARGETED_DEVICE_FAMILY = "1,2";
			};
			name = Debug;
		};
		2BB899961E42F26400D4C6E9 /* Release */ = {
			isa = XCBuildConfiguration;
			buildSettings = {
				ALWAYS_SEARCH_USER_PATHS = NO;
				CLANG_ANALYZER_NONNULL = YES;
				CLANG_CXX_LANGUAGE_STANDARD = "gnu++0x";
				CLANG_CXX_LIBRARY = "libc++";
				CLANG_ENABLE_MODULES = YES;
				CLANG_ENABLE_OBJC_ARC = YES;
				CLANG_WARN_BOOL_CONVERSION = YES;
				CLANG_WARN_CONSTANT_CONVERSION = YES;
				CLANG_WARN_DIRECT_OBJC_ISA_USAGE = YES_ERROR;
				CLANG_WARN_DOCUMENTATION_COMMENTS = YES;
				CLANG_WARN_EMPTY_BODY = YES;
				CLANG_WARN_ENUM_CONVERSION = YES;
				CLANG_WARN_INFINITE_RECURSION = YES;
				CLANG_WARN_INT_CONVERSION = YES;
				CLANG_WARN_OBJC_ROOT_CLASS = YES_ERROR;
				CLANG_WARN_SUSPICIOUS_MOVE = YES;
				CLANG_WARN_UNREACHABLE_CODE = YES;
				CLANG_WARN__DUPLICATE_METHOD_MATCH = YES;
				"CODE_SIGN_IDENTITY[sdk=iphoneos*]" = "iPhone Developer";
				COPY_PHASE_STRIP = NO;
				DEBUG_INFORMATION_FORMAT = "dwarf-with-dsym";
				ENABLE_NS_ASSERTIONS = NO;
				ENABLE_STRICT_OBJC_MSGSEND = YES;
				GCC_C_LANGUAGE_STANDARD = gnu99;
				GCC_NO_COMMON_BLOCKS = YES;
				GCC_WARN_64_TO_32_BIT_CONVERSION = YES;
				GCC_WARN_ABOUT_RETURN_TYPE = YES_ERROR;
				GCC_WARN_UNDECLARED_SELECTOR = YES;
				GCC_WARN_UNINITIALIZED_AUTOS = YES_AGGRESSIVE;
				GCC_WARN_UNUSED_FUNCTION = YES;
				GCC_WARN_UNUSED_VARIABLE = YES;
				IPHONEOS_DEPLOYMENT_TARGET = 10.2;
				MTL_ENABLE_DEBUG_INFO = NO;
				SDKROOT = iphoneos;
				SWIFT_OPTIMIZATION_LEVEL = "-Owholemodule";
				TARGETED_DEVICE_FAMILY = "1,2";
				VALIDATE_PRODUCT = YES;
			};
			name = Release;
		};
		2BB899981E42F26400D4C6E9 /* Debug */ = {
			isa = XCBuildConfiguration;
			buildSettings = {
				ASSETCATALOG_COMPILER_APPICON_NAME = AppIcon;
				DEVELOPMENT_TEAM = FMF4ZAXMJF;
				INFOPLIST_FILE = appStore/Info.plist;
				IPHONEOS_DEPLOYMENT_TARGET = 10.0;
				LD_RUNPATH_SEARCH_PATHS = "$(inherited) @executable_path/Frameworks";
				PRODUCT_BUNDLE_IDENTIFIER = com.sgedwardlim.appStore;
				PRODUCT_NAME = "$(TARGET_NAME)";
				SWIFT_VERSION = 3.0;
			};
			name = Debug;
		};
		2BB899991E42F26400D4C6E9 /* Release */ = {
			isa = XCBuildConfiguration;
			buildSettings = {
				ASSETCATALOG_COMPILER_APPICON_NAME = AppIcon;
				DEVELOPMENT_TEAM = FMF4ZAXMJF;
				INFOPLIST_FILE = appStore/Info.plist;
				IPHONEOS_DEPLOYMENT_TARGET = 10.0;
				LD_RUNPATH_SEARCH_PATHS = "$(inherited) @executable_path/Frameworks";
				PRODUCT_BUNDLE_IDENTIFIER = com.sgedwardlim.appStore;
				PRODUCT_NAME = "$(TARGET_NAME)";
				SWIFT_VERSION = 3.0;
			};
			name = Release;
		};
/* End XCBuildConfiguration section */

/* Begin XCConfigurationList section */
		2BB899801E42F26100D4C6E9 /* Build configuration list for PBXProject "appStore" */ = {
			isa = XCConfigurationList;
			buildConfigurations = (
				2BB899951E42F26400D4C6E9 /* Debug */,
				2BB899961E42F26400D4C6E9 /* Release */,
			);
			defaultConfigurationIsVisible = 0;
			defaultConfigurationName = Release;
		};
		2BB899971E42F26400D4C6E9 /* Build configuration list for PBXNativeTarget "appStore" */ = {
			isa = XCConfigurationList;
			buildConfigurations = (
				2BB899981E42F26400D4C6E9 /* Debug */,
				2BB899991E42F26400D4C6E9 /* Release */,
			);
			defaultConfigurationIsVisible = 0;
			defaultConfigurationName = Release;
		};
/* End XCConfigurationList section */
	};
	rootObject = 2BB8997D1E42F26100D4C6E9 /* Project object */;
}
